{
  "name": "threejs",
  "version": "1.0.0",
  "lockfileVersion": 3,
  "requires": true,
  "packages": {
    "": {
      "name": "threejs",
      "version": "1.0.0",
      "license": "ISC",
      "dependencies": {
        "camera-controls": "^2.7.3",
        "gsap": "^3.12.2",
        "three": "^0.157.0",
        "three.quarks": "^0.10.14"
      },
      "devDependencies": {
        "lil-gui": "^0.18.2"
      }
    },
    "node_modules/camera-controls": {
      "version": "2.7.3",
      "resolved": "https://registry.npmjs.org/camera-controls/-/camera-controls-2.7.3.tgz",
      "integrity": "sha512-L4mxjBd3u8qiOLozdWrH2P8ZybSsDXBF7iyNyqNEFJhPUkovmuARWR8JTc1B/qlclOIg6FvZZA/0uAZMMim0mw==",
      "peerDependencies": {
        "three": ">=0.126.1"
      }
    },
    "node_modules/gsap": {
      "version": "3.12.2",
      "resolved": "https://registry.npmjs.org/gsap/-/gsap-3.12.2.tgz",
      "integrity": "sha512-EkYnpG8qHgYBFAwsgsGEqvT1WUidX0tt/ijepx7z8EUJHElykg91RvW1XbkT59T0gZzzszOpjQv7SE41XuIXyQ=="
    },
    "node_modules/lil-gui": {
      "version": "0.18.2",
      "resolved": "https://registry.npmjs.org/lil-gui/-/lil-gui-0.18.2.tgz",
      "integrity": "sha512-DgdrLy3/KGC0PiQLKgOcJMPItP4xY4iWgJ9+91Zaxfr8GCTmMps05QS9w9jW7yspILlbscbquwjOwxmWnSx5Uw==",
      "dev": true
    },
    "node_modules/three": {
      "version": "0.157.0",
      "resolved": "https://registry.npmjs.org/three/-/three-0.157.0.tgz",
      "integrity": "sha512-CeAwQrf4x3z0/e+MC4F+nXLW5t0gh3pw+L6CCBqpHvOq3bGYIgRYub7Pv0j/9wR+d++OiEglyZzWyuSYbwWGOA=="
    },
    "node_modules/three.quarks": {
      "version": "0.10.18",
      "resolved": "https://registry.npmjs.org/three.quarks/-/three.quarks-0.10.18.tgz",
      "integrity": "sha512-TRuU2qOQXmraecvPow8qxChBbsUqgaVHxwz+9BL1PLEiXnGoxI1g66D+j1UJ0dibqvli5/wXeDEveX37UmtT5w==",
      "peerDependencies": {
        "three": ">=0.153.0"
      }
    }
  }
}
